Microsoft Visual Studio Solution File, Format Version 12.00
# Visual Studio Version 17
VisualStudioVersion = 17.5.33530.505
MinimumVisualStudioVersion = 16.0.0.0
Project("{9A19103F-16F7-4668-BE54-9A1E7A4F7556}") = "RegistrosWasm.Server", "Server\RegistrosWasm.Server.csproj", "{6377167A-4DBF-45D2-A011-EE50A7E0CC1F}"
EndProject
Project("{9A19103F-16F7-4668-BE54-9A1E7A4F7556}") = "RegistrosWasm.Client", "Client\RegistrosWasm.Client.csproj", "{964EB7FF-64F3-41F2-AD9F-C2FCBDE21D2E}"
EndProject
Project("{9A19103F-16F7-4668-BE54-9A1E7A4F7556}") = "RegistrosWasm.Shared", "Shared\RegistrosWasm.Shared.csproj", "{05735AD2-D5A1-435C-A511-D3BAB3C3AFED}"
EndProject
Global
	GlobalSection(SolutionConfigurationPlatforms) = preSolution
		Debug|Any CPU = Debug|Any CPU
		Debug|x64 = Debug|x64
		Debug|x86 = Debug|x86
		Release|Any CPU = Release|Any CPU
		Release|x64 = Release|x64
		Release|x86 = Release|x86
	EndGlobalSection
	GlobalSection(ProjectConfigurationPlatforms) = postSolution
		{6377167A-4DBF-45D2-A011-EE50A7E0CC1F}.Debug|Any CPU.ActiveCfg = Debug|Any CPU
		{6377167A-4DBF-45D2-A011-EE50A7E0CC1F}.Debug|Any CPU.Build.0 = Debug|Any CPU
		{6377167A-4DBF-45D2-A011-EE50A7E0CC1F}.Debug|x64.ActiveCfg = Debug|Any CPU
		{6377167A-4DBF-45D2-A011-EE50A7E0CC1F}.Debug|x64.Build.0 = Debug|Any CPU
		{6377167A-4DBF-45D2-A011-EE50A7E0CC1F}.Debug|x86.ActiveCfg = Debug|Any CPU
		{6377167A-4DBF-45D2-A011-EE50A7E0CC1F}.Debug|x86.Build.0 = Debug|Any CPU
		{6377167A-4DBF-45D2-A011-EE50A7E0CC1F}.Release|Any CPU.ActiveCfg = Release|Any CPU
		{6377167A-4DBF-45D2-A011-EE50A7E0CC1F}.Release|Any CPU.Build.0 = Release|Any CPU
		{6377167A-4DBF-45D2-A011-EE50A7E0CC1F}.Release|x64.ActiveCfg = Release|Any CPU
		{6377167A-4DBF-45D2-A011-EE50A7E0CC1F}.Release|x64.Build.0 = Release|Any CPU
		{6377167A-4DBF-45D2-A011-EE50A7E0CC1F}.Release|x86.ActiveCfg = Release|Any CPU
		{6377167A-4DBF-45D2-A011-EE50A7E0CC1F}.Release|x86.Build.0 = Release|Any CPU
		{964EB7FF-64F3-41F2-AD9F-C2FCBDE21D2E}.Debug|Any CPU.ActiveCfg = Debug|Any CPU
		{964EB7FF-64F3-41F2-AD9F-C2FCBDE21D2E}.Debug|Any CPU.Build.0 = Debug|Any CPU
		{964EB7FF-64F3-41F2-AD9F-C2FCBDE21D2E}.Debug|x64.ActiveCfg = Debug|Any CPU
		{964EB7FF-64F3-41F2-AD9F-C2FCBDE21D2E}.Debug|x64.Build.0 = Debug|Any CPU
		{964EB7FF-64F3-41F2-AD9F-C2FCBDE21D2E}.Debug|x86.ActiveCfg = Debug|Any CPU
		{964EB7FF-64F3-41F2-AD9F-C2FCBDE21D2E}.Debug|x86.Build.0 = Debug|Any CPU
		{964EB7FF-64F3-41F2-AD9F-C2FCBDE21D2E}.Release|Any CPU.ActiveCfg = Release|Any CPU
		{964EB7FF-64F3-41F2-AD9F-C2FCBDE21D2E}.Release|Any CPU.Build.0 = Release|Any CPU
		{964EB7FF-64F3-41F2-AD9F-C2FCBDE21D2E}.Release|x64.ActiveCfg = Release|Any CPU
		{964EB7FF-64F3-41F2-AD9F-C2FCBDE21D2E}.Release|x64.Build.0 = Release|Any CPU
		{964EB7FF-64F3-41F2-AD9F-C2FCBDE21D2E}.Release|x86.ActiveCfg = Release|Any CPU
		{964EB7FF-64F3-41F2-AD9F-C2FCBDE21D2E}.Release|x86.Build.0 = Release|Any CPU
		{05735AD2-D5A1-435C-A511-D3BAB3C3AFED}.Debug|Any CPU.ActiveCfg = Debug|Any CPU
		{05735AD2-D5A1-435C-A511-D3BAB3C3AFED}.Debug|Any CPU.Build.0 = Debug|Any CPU
		{05735AD2-D5A1-435C-A511-D3BAB3C3AFED}.Debug|x64.ActiveCfg = Debug|Any CPU
		{05735AD2-D5A1-435C-A511-D3BAB3C3AFED}.Debug|x64.Build.0 = Debug|Any CPU
		{05735AD2-D5A1-435C-A511-D3BAB3C3AFED}.Debug|x86.ActiveCfg = Debug|Any CPU
		{05735AD2-D5A1-435C-A511-D3BAB3C3AFED}.Debug|x86.Build.0 = Debug|Any CPU
		{05735AD2-D5A1-435C-A511-D3BAB3C3AFED}.Release|Any CPU.ActiveCfg = Release|Any CPU
		{05735AD2-D5A1-435C-A511-D3BAB3C3AFED}.Release|Any CPU.Build.0 = Release|Any CPU
		{05735AD2-D5A1-435C-A511-D3BAB3C3AFED}.Release|x64.ActiveCfg = Release|Any CPU
		{05735AD2-D5A1-435C-A511-D3BAB3C3AFED}.Release|x64.Build.0 = Release|Any CPU
		{05735AD2-D5A1-435C-A511-D3BAB3C3AFED}.Release|x86.ActiveCfg = Release|Any CPU
		{05735AD2-D5A1-435C-A511-D3BAB3C3AFED}.Release|x86.Build.0 = Release|Any CPU
	EndGlobalSection
	GlobalSection(SolutionProperties) = preSolution
		HideSolutionNode = FALSE
	EndGlobalSection
	GlobalSection(ExtensibilityGlobals) = postSolution
		SolutionGuid = {565B6ED2-156D-4AE2-B4BB-6D281300CC92}
	EndGlobalSection
EndGlobal
